
Microsoft Visual Studio Solution File, Format Version 12.00
# Visual Studio Version 17
VisualStudioVersion = 17.10.34916.146
MinimumVisualStudioVersion = 10.0.40219.1
Project("{FAE04EC0-301F-11D3-BF4B-00C04F79EFBC}") = "KrossApp", "KrossApp.csproj", "{53EE0FF8-FC95-4C99-9284-F1DD792F7554}"
EndProject
Global
	GlobalSection(SolutionConfigurationPlatforms) = preSolution
		Debug|Any CPU = Debug|Any CPU
		Release|Any CPU = Release|Any CPU
	EndGlobalSection
	GlobalSection(ProjectConfigurationPlatforms) = postSolution
		{53EE0FF8-FC95-4C99-9284-F1DD792F7554}.Debug|Any CPU.ActiveCfg = Debug|Any CPU
		{53EE0FF8-FC95-4C99-9284-F1DD792F7554}.Debug|Any CPU.Build.0 = Debug|Any CPU
		{53EE0FF8-FC95-4C99-9284-F1DD792F7554}.Release|Any CPU.ActiveCfg = Release|Any CPU
		{53EE0FF8-FC95-4C99-9284-F1DD792F7554}.Release|Any CPU.Build.0 = Release|Any CPU
	EndGlobalSection
	GlobalSection(SolutionProperties) = preSolution
		HideSolutionNode = FALSE
	EndGlobalSection
	GlobalSection(ExtensibilityGlobals) = postSolution
		SolutionGuid = {5DF82764-BCA3-4E61-9536-C8C355AA556D}
	EndGlobalSection
EndGlobal
